
Microsoft Visual Studio Solution File, Format Version 12.00
# Visual Studio 2017
Project("{FAE04EC0-301F-11D3-BF4B-00C04F79EFBC}") = "Food Tycoon", "Food Tycoon.csproj", "{4E36A251-5FA5-EA89-C56C-46471B3C52E6}"
EndProject
Project("{FAE04EC0-301F-11D3-BF4B-00C04F79EFBC}") = "Food Tycoon.Editor", "Food Tycoon.Editor.csproj", "{A8550DF2-9ECA-C334-D02B-5FF6E4F7CEC8}"
EndProject
Global
	GlobalSection(SolutionConfigurationPlatforms) = preSolution
		Debug|Any CPU = Debug|Any CPU
		Release|Any CPU = Release|Any CPU
	EndGlobalSection
	GlobalSection(ProjectConfigurationPlatforms) = postSolution
		{4E36A251-5FA5-EA89-C56C-46471B3C52E6}.Debug|Any CPU.ActiveCfg = Debug|Any CPU
		{4E36A251-5FA5-EA89-C56C-46471B3C52E6}.Debug|Any CPU.Build.0 = Debug|Any CPU
		{4E36A251-5FA5-EA89-C56C-46471B3C52E6}.Release|Any CPU.ActiveCfg = Release|Any CPU
		{4E36A251-5FA5-EA89-C56C-46471B3C52E6}.Release|Any CPU.Build.0 = Release|Any CPU
		{A8550DF2-9ECA-C334-D02B-5FF6E4F7CEC8}.Debug|Any CPU.ActiveCfg = Debug|Any CPU
		{A8550DF2-9ECA-C334-D02B-5FF6E4F7CEC8}.Debug|Any CPU.Build.0 = Debug|Any CPU
		{A8550DF2-9ECA-C334-D02B-5FF6E4F7CEC8}.Release|Any CPU.ActiveCfg = Release|Any CPU
		{A8550DF2-9ECA-C334-D02B-5FF6E4F7CEC8}.Release|Any CPU.Build.0 = Release|Any CPU
	EndGlobalSection
	GlobalSection(SolutionProperties) = preSolution
		HideSolutionNode = FALSE
	EndGlobalSection
EndGlobal
